// !$*UTF8*$!
{
	archiveVersion = 1;
	classes = {
	};
	objectVersion = 46;
	objects = {

/* Begin PBXBuildFile section */
		C71504F51D390C4000D60ED7 /* AppDelegate.swift in Sources */ = {isa = PBXBuildFile; fileRef = C71504F41D390C4000D60ED7 /* AppDelegate.swift */; };
		C71504F71D390C4000D60ED7 /* Assets.xcassets in Resources */ = {isa = PBXBuildFile; fileRef = C71504F61D390C4000D60ED7 /* Assets.xcassets */; };
		C71504FA1D390C4000D60ED7 /* MainMenu.xib in Resources */ = {isa = PBXBuildFile; fileRef = C71504F81D390C4000D60ED7 /* MainMenu.xib */; };
		C71505021D390CB300D60ED7 /* MainView.swift in Sources */ = {isa = PBXBuildFile; fileRef = C71505011D390CB300D60ED7 /* MainView.swift */; };
		C71505041D39189100D60ED7 /* CurrentWeather.swift in Sources */ = {isa = PBXBuildFile; fileRef = C71505031D39189100D60ED7 /* CurrentWeather.swift */; };
		C71505061D39189C00D60ED7 /* Extensions.swift in Sources */ = {isa = PBXBuildFile; fileRef = C71505051D39189C00D60ED7 /* Extensions.swift */; };
		C715050C1D3918B800D60ED7 /* Meteo.swift in Sources */ = {isa = PBXBuildFile; fileRef = C71505071D3918B800D60ED7 /* Meteo.swift */; };
		C715050D1D3918B800D60ED7 /* NetworkResult.swift in Sources */ = {isa = PBXBuildFile; fileRef = C71505081D3918B800D60ED7 /* NetworkResult.swift */; };
		C715050E1D3918B800D60ED7 /* SwiftyJSON.swift in Sources */ = {isa = PBXBuildFile; fileRef = C71505091D3918B800D60ED7 /* SwiftyJSON.swift */; };
		C715050F1D3918B800D60ED7 /* WeatherDescriptionStyle.swift in Sources */ = {isa = PBXBuildFile; fileRef = C715050A1D3918B800D60ED7 /* WeatherDescriptionStyle.swift */; };
		C71505101D3918B800D60ED7 /* WeatherDescriptor.swift in Sources */ = {isa = PBXBuildFile; fileRef = C715050B1D3918B800D60ED7 /* WeatherDescriptor.swift */; };
		C71505121D3918C900D60ED7 /* WeatherResult.swift in Sources */ = {isa = PBXBuildFile; fileRef = C71505111D3918C900D60ED7 /* WeatherResult.swift */; };
		C71505161D39657500D60ED7 /* Alert.swift in Sources */ = {isa = PBXBuildFile; fileRef = C71505151D39657500D60ED7 /* Alert.swift */; };
		C71505181D397A0600D60ED7 /* MainViewController.swift in Sources */ = {isa = PBXBuildFile; fileRef = C71505171D397A0600D60ED7 /* MainViewController.swift */; };
		C715051A1D3985AC00D60ED7 /* Globals.swift in Sources */ = {isa = PBXBuildFile; fileRef = C71505191D3985AC00D60ED7 /* Globals.swift */; };
		C71DE0A21D399C0900F20212 /* AppStatus.swift in Sources */ = {isa = PBXBuildFile; fileRef = C71DE0A11D399C0900F20212 /* AppStatus.swift */; };
/* End PBXBuildFile section */

/* Begin PBXFileReference section */
		C71504F11D390C4000D60ED7 /* WeatherMan-Mac.app */ = {isa = PBXFileReference; explicitFileType = wrapper.application; includeInIndex = 0; path = "WeatherMan-Mac.app"; sourceTree = BUILT_PRODUCTS_DIR; };
		C71504F41D390C4000D60ED7 /* AppDelegate.swift */ = {isa = PBXFileReference; lastKnownFileType = sourcecode.swift; path = AppDelegate.swift; sourceTree = "<group>"; };
		C71504F61D390C4000D60ED7 /* Assets.xcassets */ = {isa = PBXFileReference; lastKnownFileType = folder.assetcatalog; path = Assets.xcassets; sourceTree = "<group>"; };
		C71504F91D390C4000D60ED7 /* Base */ = {isa = PBXFileReference; lastKnownFileType = file.xib; name = Base; path = Base.lproj/MainMenu.xib; sourceTree = "<group>"; };
		C71504FB1D390C4000D60ED7 /* Info.plist */ = {isa = PBXFileReference; lastKnownFileType = text.plist.xml; path = Info.plist; sourceTree = "<group>"; };
		C71505011D390CB300D60ED7 /* MainView.swift */ = {isa = PBXFileReference; fileEncoding = 4; lastKnownFileType = sourcecode.swift; path = MainView.swift; sourceTree = "<group>"; };
		C71505031D39189100D60ED7 /* CurrentWeather.swift */ = {isa = PBXFileReference; fileEncoding = 4; lastKnownFileType = sourcecode.swift; path = CurrentWeather.swift; sourceTree = "<group>"; };
		C71505051D39189C00D60ED7 /* Extensions.swift */ = {isa = PBXFileReference; fileEncoding = 4; lastKnownFileType = sourcecode.swift; path = Extensions.swift; sourceTree = "<group>"; };
		C71505071D3918B800D60ED7 /* Meteo.swift */ = {isa = PBXFileReference; fileEncoding = 4; lastKnownFileType = sourcecode.swift; path = Meteo.swift; sourceTree = "<group>"; };
		C71505081D3918B800D60ED7 /* NetworkResult.swift */ = {isa = PBXFileReference; fileEncoding = 4; lastKnownFileType = sourcecode.swift; path = NetworkResult.swift; sourceTree = "<group>"; };
		C71505091D3918B800D60ED7 /* SwiftyJSON.swift */ = {isa = PBXFileReference; fileEncoding = 4; lastKnownFileType = sourcecode.swift; path = SwiftyJSON.swift; sourceTree = "<group>"; };
		C715050A1D3918B800D60ED7 /* WeatherDescriptionStyle.swift */ = {isa = PBXFileReference; fileEncoding = 4; lastKnownFileType = sourcecode.swift; path = WeatherDescriptionStyle.swift; sourceTree = "<group>"; };
		C715050B1D3918B800D60ED7 /* WeatherDescriptor.swift */ = {isa = PBXFileReference; fileEncoding = 4; lastKnownFileType = sourcecode.swift; path = WeatherDescriptor.swift; sourceTree = "<group>"; };
		C71505111D3918C900D60ED7 /* WeatherResult.swift */ = {isa = PBXFileReference; fileEncoding = 4; lastKnownFileType = sourcecode.swift; path = WeatherResult.swift; sourceTree = "<group>"; };
		C71505151D39657500D60ED7 /* Alert.swift */ = {isa = PBXFileReference; fileEncoding = 4; lastKnownFileType = sourcecode.swift; path = Alert.swift; sourceTree = "<group>"; };
		C71505171D397A0600D60ED7 /* MainViewController.swift */ = {isa = PBXFileReference; fileEncoding = 4; lastKnownFileType = sourcecode.swift; path = MainViewController.swift; sourceTree = "<group>"; };
		C71505191D3985AC00D60ED7 /* Globals.swift */ = {isa = PBXFileReference; fileEncoding = 4; lastKnownFileType = sourcecode.swift; path = Globals.swift; sourceTree = "<group>"; };
		C71DE0A11D399C0900F20212 /* AppStatus.swift */ = {isa = PBXFileReference; fileEncoding = 4; lastKnownFileType = sourcecode.swift; path = AppStatus.swift; sourceTree = "<group>"; };
/* End PBXFileReference section */

/* Begin PBXFrameworksBuildPhase section */
		C71504EE1D390C3F00D60ED7 /* Frameworks */ = {
			isa = PBXFrameworksBuildPhase;
			buildActionMask = 2147483647;
			files = (
			);
			runOnlyForDeploymentPostprocessing = 0;
		};
/* End PBXFrameworksBuildPhase section */

/* Begin PBXGroup section */
		C71504E81D390C3F00D60ED7 = {
			isa = PBXGroup;
			children = (
				C71504F31D390C4000D60ED7 /* WeatherMan-Mac */,
				C71504F21D390C4000D60ED7 /* Products */,
			);
			sourceTree = "<group>";
		};
		C71504F21D390C4000D60ED7 /* Products */ = {
			isa = PBXGroup;
			children = (
				C71504F11D390C4000D60ED7 /* WeatherMan-Mac.app */,
			);
			name = Products;
			sourceTree = "<group>";
		};
		C71504F31D390C4000D60ED7 /* WeatherMan-Mac */ = {
			isa = PBXGroup;
			children = (
				C71505091D3918B800D60ED7 /* SwiftyJSON.swift */,
				C71505031D39189100D60ED7 /* CurrentWeather.swift */,
				C71505051D39189C00D60ED7 /* Extensions.swift */,
				C71505191D3985AC00D60ED7 /* Globals.swift */,
				C71505071D3918B800D60ED7 /* Meteo.swift */,
				C71505081D3918B800D60ED7 /* NetworkResult.swift */,
				C71505111D3918C900D60ED7 /* WeatherResult.swift */,
				C715050A1D3918B800D60ED7 /* WeatherDescriptionStyle.swift */,
				C715050B1D3918B800D60ED7 /* WeatherDescriptor.swift */,
				C71505151D39657500D60ED7 /* Alert.swift */,
				C71DE0A11D399C0900F20212 /* AppStatus.swift */,
				C71504F61D390C4000D60ED7 /* Assets.xcassets */,
				C71504F81D390C4000D60ED7 /* MainMenu.xib */,
				C71504F41D390C4000D60ED7 /* AppDelegate.swift */,
				C71505171D397A0600D60ED7 /* MainViewController.swift */,
				C71505011D390CB300D60ED7 /* MainView.swift */,
				C71504FB1D390C4000D60ED7 /* Info.plist */,
			);
			path = "WeatherMan-Mac";
			sourceTree = "<group>";
		};
/* End PBXGroup section */

/* Begin PBXNativeTarget section */
		C71504F01D390C3F00D60ED7 /* WeatherMan-Mac */ = {
			isa = PBXNativeTarget;
			buildConfigurationList = C71504FE1D390C4000D60ED7 /* Build configuration list for PBXNativeTarget "WeatherMan-Mac" */;
			buildPhases = (
				C71504ED1D390C3F00D60ED7 /* Sources */,
				C71504EE1D390C3F00D60ED7 /* Frameworks */,
				C71504EF1D390C3F00D60ED7 /* Resources */,
			);
			buildRules = (
			);
			dependencies = (
			);
			name = "WeatherMan-Mac";
			productName = "WeatherMan-Mac";
			productReference = C71504F11D390C4000D60ED7 /* WeatherMan-Mac.app */;
			productType = "com.apple.product-type.application";
		};
/* End PBXNativeTarget section */

/* Begin PBXProject section */
		C71504E91D390C3F00D60ED7 /* Project object */ = {
			isa = PBXProject;
			attributes = {
				LastSwiftUpdateCheck = 0800;
				LastUpgradeCheck = 0800;
				ORGANIZATIONNAME = AYA.io;
				TargetAttributes = {
					C71504F01D390C3F00D60ED7 = {
						CreatedOnToolsVersion = 8.0;
						ProvisioningStyle = Automatic;
					};
				};
			};
			buildConfigurationList = C71504EC1D390C3F00D60ED7 /* Build configuration list for PBXProject "WeatherMan-Mac" */;
			compatibilityVersion = "Xcode 3.2";
			developmentRegion = English;
			hasScannedForEncodings = 0;
			knownRegions = (
				en,
				Base,
			);
			mainGroup = C71504E81D390C3F00D60ED7;
			productRefGroup = C71504F21D390C4000D60ED7 /* Products */;
			projectDirPath = "";
			projectRoot = "";
			targets = (
				C71504F01D390C3F00D60ED7 /* WeatherMan-Mac */,
			);
		};
/* End PBXProject section */

/* Begin PBXResourcesBuildPhase section */
		C71504EF1D390C3F00D60ED7 /* Resources */ = {
			isa = PBXResourcesBuildPhase;
			buildActionMask = 2147483647;
			files = (
				C71504F71D390C4000D60ED7 /* Assets.xcassets in Resources */,
				C71504FA1D390C4000D60ED7 /* MainMenu.xib in Resources */,
			);
			runOnlyForDeploymentPostprocessing = 0;
		};
/* End PBXResourcesBuildPhase section */

/* Begin PBXSourcesBuildPhase section */
		C71504ED1D390C3F00D60ED7 /* Sources */ = {
			isa = PBXSourcesBuildPhase;
			buildActionMask = 2147483647;
			files = (
				C71504F51D390C4000D60ED7 /* AppDelegate.swift in Sources */,
				C71505041D39189100D60ED7 /* CurrentWeather.swift in Sources */,
				C71505021D390CB300D60ED7 /* MainView.swift in Sources */,
				C71505101D3918B800D60ED7 /* WeatherDescriptor.swift in Sources */,
				C715050D1D3918B800D60ED7 /* NetworkResult.swift in Sources */,
				C71505121D3918C900D60ED7 /* WeatherResult.swift in Sources */,
				C715051A1D3985AC00D60ED7 /* Globals.swift in Sources */,
				C71DE0A21D399C0900F20212 /* AppStatus.swift in Sources */,
				C71505061D39189C00D60ED7 /* Extensions.swift in Sources */,
				C71505181D397A0600D60ED7 /* MainViewController.swift in Sources */,
				C715050F1D3918B800D60ED7 /* WeatherDescriptionStyle.swift in Sources */,
				C71505161D39657500D60ED7 /* Alert.swift in Sources */,
				C715050E1D3918B800D60ED7 /* SwiftyJSON.swift in Sources */,
				C715050C1D3918B800D60ED7 /* Meteo.swift in Sources */,
			);
			runOnlyForDeploymentPostprocessing = 0;
		};
/* End PBXSourcesBuildPhase section */

/* Begin PBXVariantGroup section */
		C71504F81D390C4000D60ED7 /* MainMenu.xib */ = {
			isa = PBXVariantGroup;
			children = (
				C71504F91D390C4000D60ED7 /* Base */,
			);
			name = MainMenu.xib;
			sourceTree = "<group>";
		};
/* End PBXVariantGroup section */

/* Begin XCBuildConfiguration section */
		C71504FC1D390C4000D60ED7 /* Debug */ = {
			isa = XCBuildConfiguration;
			buildSettings = {
				ALWAYS_SEARCH_USER_PATHS = NO;
				CLANG_ANALYZER_NONNULL = YES;
				CLANG_CXX_LANGUAGE_STANDARD = "gnu++0x";
				CLANG_CXX_LIBRARY = "libc++";
				CLANG_ENABLE_MODULES = YES;
				CLANG_ENABLE_OBJC_ARC = YES;
				CLANG_WARN_BOOL_CONVERSION = YES;
				CLANG_WARN_CONSTANT_CONVERSION = YES;
				CLANG_WARN_DIRECT_OBJC_ISA_USAGE = YES_ERROR;
				CLANG_WARN_DOCUMENTATION_COMMENTS = YES;
				CLANG_WARN_EMPTY_BODY = YES;
				CLANG_WARN_ENUM_CONVERSION = YES;
				CLANG_WARN_INT_CONVERSION = YES;
				CLANG_WARN_OBJC_ROOT_CLASS = YES_ERROR;
				CLANG_WARN_UNREACHABLE_CODE = YES;
				CLANG_WARN__DUPLICATE_METHOD_MATCH = YES;
				CODE_SIGN_IDENTITY = "-";
				COPY_PHASE_STRIP = NO;
				DEBUG_INFORMATION_FORMAT = dwarf;
				ENABLE_STRICT_OBJC_MSGSEND = YES;
				ENABLE_TESTABILITY = YES;
				GCC_C_LANGUAGE_STANDARD = gnu99;
				GCC_DYNAMIC_NO_PIC = NO;
				GCC_NO_COMMON_BLOCKS = YES;
				GCC_OPTIMIZATION_LEVEL = 0;
				GCC_PREPROCESSOR_DEFINITIONS = (
					"DEBUG=1",
					"$(inherited)",
				);
				GCC_WARN_64_TO_32_BIT_CONVERSION = YES;
				GCC_WARN_ABOUT_RETURN_TYPE = YES_ERROR;
				GCC_WARN_UNDECLARED_SELECTOR = YES;
				GCC_WARN_UNINITIALIZED_AUTOS = YES_AGGRESSIVE;
				GCC_WARN_UNUSED_FUNCTION = YES;
				GCC_WARN_UNUSED_VARIABLE = YES;
				MACOSX_DEPLOYMENT_TARGET = 10.11;
				MTL_ENABLE_DEBUG_INFO = YES;
				ONLY_ACTIVE_ARCH = YES;
				SDKROOT = macosx;
				SWIFT_ACTIVE_COMPILATION_CONDITIONS = DEBUG;
				SWIFT_OPTIMIZATION_LEVEL = "-Onone";
			};
			name = Debug;
		};
		C71504FD1D390C4000D60ED7 /* Release */ = {
			isa = XCBuildConfiguration;
			buildSettings = {
				ALWAYS_SEARCH_USER_PATHS = NO;
				CLANG_ANALYZER_NONNULL = YES;
				CLANG_CXX_LANGUAGE_STANDARD = "gnu++0x";
				CLANG_CXX_LIBRARY = "libc++";
				CLANG_ENABLE_MODULES = YES;
				CLANG_ENABLE_OBJC_ARC = YES;
				CLANG_WARN_BOOL_CONVERSION = YES;
				CLANG_WARN_CONSTANT_CONVERSION = YES;
				CLANG_WARN_DIRECT_OBJC_ISA_USAGE = YES_ERROR;
				CLANG_WARN_DOCUMENTATION_COMMENTS = YES;
				CLANG_WARN_EMPTY_BODY = YES;
				CLANG_WARN_ENUM_CONVERSION = YES;
				CLANG_WARN_INT_CONVERSION = YES;
				CLANG_WARN_OBJC_ROOT_CLASS = YES_ERROR;
				CLANG_WARN_UNREACHABLE_CODE = YES;
				CLANG_WARN__DUPLICATE_METHOD_MATCH = YES;
				CODE_SIGN_IDENTITY = "-";
				COPY_PHASE_STRIP = NO;
				DEBUG_INFORMATION_FORMAT = "dwarf-with-dsym";
				ENABLE_NS_ASSERTIONS = NO;
				ENABLE_STRICT_OBJC_MSGSEND = YES;
				GCC_C_LANGUAGE_STANDARD = gnu99;
				GCC_NO_COMMON_BLOCKS = YES;
				GCC_WARN_64_TO_32_BIT_CONVERSION = YES;
				GCC_WARN_ABOUT_RETURN_TYPE = YES_ERROR;
				GCC_WARN_UNDECLARED_SELECTOR = YES;
				GCC_WARN_UNINITIALIZED_AUTOS = YES_AGGRESSIVE;
				GCC_WARN_UNUSED_FUNCTION = YES;
				GCC_WARN_UNUSED_VARIABLE = YES;
				MACOSX_DEPLOYMENT_TARGET = 10.11;
				MTL_ENABLE_DEBUG_INFO = NO;
				SDKROOT = macosx;
				SWIFT_OPTIMIZATION_LEVEL = "-Owholemodule";
			};
			name = Release;
		};
		C71504FF1D390C4000D60ED7 /* Debug */ = {
			isa = XCBuildConfiguration;
			buildSettings = {
				ASSETCATALOG_COMPILER_APPICON_NAME = AppIcon;
				COMBINE_HIDPI_IMAGES = YES;
				INFOPLIST_FILE = "WeatherMan-Mac/Info.plist";
				LD_RUNPATH_SEARCH_PATHS = "$(inherited) @executable_path/../Frameworks";
				PRODUCT_BUNDLE_IDENTIFIER = "io.aya.WeatherMan-Mac";
				PRODUCT_NAME = "$(TARGET_NAME)";
				SWIFT_VERSION = 3.0;
			};
			name = Debug;
		};
		C71505001D390C4000D60ED7 /* Release */ = {
			isa = XCBuildConfiguration;
			buildSettings = {
				ASSETCATALOG_COMPILER_APPICON_NAME = AppIcon;
				COMBINE_HIDPI_IMAGES = YES;
				INFOPLIST_FILE = "WeatherMan-Mac/Info.plist";
				LD_RUNPATH_SEARCH_PATHS = "$(inherited) @executable_path/../Frameworks";
				PRODUCT_BUNDLE_IDENTIFIER = "io.aya.WeatherMan-Mac";
				PRODUCT_NAME = "$(TARGET_NAME)";
				SWIFT_VERSION = 3.0;
			};
			name = Release;
		};
/* End XCBuildConfiguration section */

/* Begin XCConfigurationList section */
		C71504EC1D390C3F00D60ED7 /* Build configuration list for PBXProject "WeatherMan-Mac" */ = {
			isa = XCConfigurationList;
			buildConfigurations = (
				C71504FC1D390C4000D60ED7 /* Debug */,
				C71504FD1D390C4000D60ED7 /* Release */,
			);
			defaultConfigurationIsVisible = 0;
			defaultConfigurationName = Release;
		};
		C71504FE1D390C4000D60ED7 /* Build configuration list for PBXNativeTarget "WeatherMan-Mac" */ = {
			isa = XCConfigurationList;
			buildConfigurations = (
				C71504FF1D390C4000D60ED7 /* Debug */,
				C71505001D390C4000D60ED7 /* Release */,
			);
			defaultConfigurationIsVisible = 0;
			defaultConfigurationName = Release;
		};
/* End XCConfigurationList section */
	};
	rootObject = C71504E91D390C3F00D60ED7 /* Project object */;
}
